
Microsoft Visual Studio Solution File, Format Version 12.00
# Visual Studio Version 17
VisualStudioVersion = 17.1.32210.238
MinimumVisualStudioVersion = 10.0.40219.1
Project("{FAE04EC0-301F-11D3-BF4B-00C04F79EFBC}") = "SimpleService", "SimpleService\SimpleService.csproj", "{28511A4C-C839-4738-B774-85436CC906F7}"
EndProject
Global
	GlobalSection(SolutionConfigurationPlatforms) = preSolution
		Debug|Any CPU = Debug|Any CPU
		Release|Any CPU = Release|Any CPU
	EndGlobalSection
	GlobalSection(ProjectConfigurationPlatforms) = postSolution
		{28511A4C-C839-4738-B774-85436CC906F7}.Debug|Any CPU.ActiveCfg = Debug|Any CPU
		{28511A4C-C839-4738-B774-85436CC906F7}.Debug|Any CPU.Build.0 = Debug|Any CPU
		{28511A4C-C839-4738-B774-85436CC906F7}.Release|Any CPU.ActiveCfg = Release|Any CPU
		{28511A4C-C839-4738-B774-85436CC906F7}.Release|Any CPU.Build.0 = Release|Any CPU
	EndGlobalSection
	GlobalSection(SolutionProperties) = preSolution
		HideSolutionNode = FALSE
	EndGlobalSection
	GlobalSection(ExtensibilityGlobals) = postSolution
		SolutionGuid = {FCBB5A4E-2D69-4B3D-B3F9-804E9E0FBE89}
	EndGlobalSection
EndGlobal
